
Microsoft Visual Studio Solution File, Format Version 12.00
# Visual Studio Version 16
VisualStudioVersion = 16.0.30413.136
MinimumVisualStudioVersion = 10.0.40219.1
Project("{FAE04EC0-301F-11D3-BF4B-00C04F79EFBC}") = "Webbansach2020", "Webbansach2020\Webbansach2020.csproj", "{7B19F618-2F3F-46EB-9A92-FBC4C87CBE2C}"
EndProject
Global
	GlobalSection(SolutionConfigurationPlatforms) = preSolution
		Debug|Any CPU = Debug|Any CPU
		Release|Any CPU = Release|Any CPU
	EndGlobalSection
	GlobalSection(ProjectConfigurationPlatforms) = postSolution
		{7B19F618-2F3F-46EB-9A92-FBC4C87CBE2C}.Debug|Any CPU.ActiveCfg = Debug|Any CPU
		{7B19F618-2F3F-46EB-9A92-FBC4C87CBE2C}.Debug|Any CPU.Build.0 = Debug|Any CPU
		{7B19F618-2F3F-46EB-9A92-FBC4C87CBE2C}.Release|Any CPU.ActiveCfg = Release|Any CPU
		{7B19F618-2F3F-46EB-9A92-FBC4C87CBE2C}.Release|Any CPU.Build.0 = Release|Any CPU
	EndGlobalSection
	GlobalSection(SolutionProperties) = preSolution
		HideSolutionNode = FALSE
	EndGlobalSection
	GlobalSection(ExtensibilityGlobals) = postSolution
		SolutionGuid = {33CD37B1-09D6-4E29-B301-E872F49D845F}
	EndGlobalSection
EndGlobal
